
Microsoft Visual Studio Solution File, Format Version 12.00
# Visual Studio Version 16
VisualStudioVersion = 16.0.31702.278
MinimumVisualStudioVersion = 10.0.40219.1
Project("{2150E333-8FDC-42A3-9474-1A3956D46DE8}") = "0 - Doc", "0 - Doc", "{6E4D3241-2F5A-4AD8-99FD-B69FE45C98EA}"
EndProject
Project("{2150E333-8FDC-42A3-9474-1A3956D46DE8}") = "1 - Presentation", "1 - Presentation", "{C38BE2A2-8E87-4769-A3D4-43B70F5B994F}"
EndProject
Project("{2150E333-8FDC-42A3-9474-1A3956D46DE8}") = "2 - Server", "2 - Server", "{BEDA3374-9151-4057-9B44-1AB56D74FF41}"
EndProject
Project("{2150E333-8FDC-42A3-9474-1A3956D46DE8}") = "3 - Application", "3 - Application", "{7FB9E9AD-5625-4841-BD07-EB08083E5E3A}"
EndProject
Project("{2150E333-8FDC-42A3-9474-1A3956D46DE8}") = "4 - Domain", "4 - Domain", "{297023E0-87F7-49A3-8EDD-32A2F874AB41}"
EndProject
Project("{2150E333-8FDC-42A3-9474-1A3956D46DE8}") = "5 - Infra", "5 - Infra", "{4B01B62E-73D2-47CC-A58C-AA49C19D1AEC}"
EndProject
Project("{2150E333-8FDC-42A3-9474-1A3956D46DE8}") = "5.1 - Data", "5.1 - Data", "{8BD48D59-98FB-40C7-A02F-CE00FB35A10B}"
EndProject
Project("{2150E333-8FDC-42A3-9474-1A3956D46DE8}") = "5.2 - Cross", "5.2 - Cross", "{50C9B1F1-8E10-4BE9-A7B2-AF062D023A4C}"
EndProject
Project("{2150E333-8FDC-42A3-9474-1A3956D46DE8}") = "2.1- API", "2.1- API", "{1F29CDB1-83AC-476E-8B2C-A7483C7045F2}"
EndProject
Project("{2150E333-8FDC-42A3-9474-1A3956D46DE8}") = "2.2 - Workers", "2.2 - Workers", "{D005785F-1B45-4DA9-BBE9-29E7CBB1ACCF}"
EndProject
Project("{2150E333-8FDC-42A3-9474-1A3956D46DE8}") = "6 - Tests", "6 - Tests", "{7D408DAA-86E8-42EB-A5E7-C24D357E8B2E}"
EndProject
Project("{9A19103F-16F7-4668-BE54-9A1E7A4F7556}") = "Ctesifonte.Hefestos", "src\Ctesifonte.Hefestos\Ctesifonte.Hefestos.csproj", "{17E085E3-DED2-4DA0-85EB-DA960C9A20CA}"
EndProject
Project("{9A19103F-16F7-4668-BE54-9A1E7A4F7556}") = "Ctesifonte.Hermes", "src\Ctesifonte.Hermes\Ctesifonte.Hermes.csproj", "{470B31E7-9B2A-4D41-9DB8-07FBF9A339B0}"
EndProject
Project("{9A19103F-16F7-4668-BE54-9A1E7A4F7556}") = "Ctesifonte.Pta", "src\Ctesifonte.Pta\Ctesifonte.Pta.csproj", "{66C332D0-6667-4B2E-97CA-9A912FD00AFC}"
EndProject
Project("{9A19103F-16F7-4668-BE54-9A1E7A4F7556}") = "Ctesifonte.Hades", "src\Ctesifonte.Hades\Ctesifonte.Hades.csproj", "{6FEE9AFA-56E7-418B-8E41-2EA096554183}"
EndProject
Project("{9A19103F-16F7-4668-BE54-9A1E7A4F7556}") = "Ctesifonte.Mordor", "src\Ctesifonte.Mordor\Ctesifonte.Mordor.csproj", "{2CBD8344-74A0-41B9-978B-036B9DB29B43}"
EndProject
Project("{9A19103F-16F7-4668-BE54-9A1E7A4F7556}") = "Ctesifonte.Domain.Mordor", "src\Ctesifonte.Domain.Mordor\Ctesifonte.Domain.Mordor.csproj", "{45E2FB84-F98E-4028-9686-A32E4626313D}"
EndProject
Project("{9A19103F-16F7-4668-BE54-9A1E7A4F7556}") = "Ctesifonte.Domain.Base", "src\Ctesifonte.Domain.Base\Ctesifonte.Domain.Base.csproj", "{17AE1BCA-D830-45A1-80F3-BCABC20AEFB4}"
EndProject
Project("{9A19103F-16F7-4668-BE54-9A1E7A4F7556}") = "Ctesifonte.Infra.Repositories.Mordor", "src\Ctesifonte.Infra.Repositories.Mordor\Ctesifonte.Infra.Repositories.Mordor.csproj", "{5A00BFC6-FE13-4F99-9221-C4DEB7822105}"
EndProject
Project("{9A19103F-16F7-4668-BE54-9A1E7A4F7556}") = "Ctesifonte.Infra.Cross.IoC", "src\Ctesifonte.Infra.Cross.IoC\Ctesifonte.Infra.Cross.IoC.csproj", "{F5035691-84F1-46BE-A4DE-6FA1B75F0A93}"
EndProject
Project("{9A19103F-16F7-4668-BE54-9A1E7A4F7556}") = "Ctesifonte.Infra.Repositories.Hefestos", "src\Ctesifonte.Infra.Repositories.Hefestos\Ctesifonte.Infra.Repositories.Hefestos.csproj", "{D0C56DCF-7B7C-4F1E-802E-BE8992E368D8}"
EndProject
Project("{9A19103F-16F7-4668-BE54-9A1E7A4F7556}") = "Ctesifonte.Domain.Hefestos", "src\Ctesifonte.Domain.Hefestos\Ctesifonte.Domain.Hefestos.csproj", "{9B2FF078-BD03-482F-A192-E478EB302B08}"
EndProject
Project("{9A19103F-16F7-4668-BE54-9A1E7A4F7556}") = "Ctesifonte.Infra.Repositories.Base", "src\Ctesifonte.Infra.Repositories.Base\Ctesifonte.Infra.Repositories.Base.csproj", "{877F64D6-6DB1-4A73-92F1-6CE164AF07BC}"
EndProject
Project("{9A19103F-16F7-4668-BE54-9A1E7A4F7556}") = "Ctesifonte.Infra.Cross.Utils", "src\Ctesifonte.Infra.Cross.Utils\Ctesifonte.Infra.Cross.Utils.csproj", "{D744B413-B3AD-4C7D-AADC-31FBD1E4E392}"
EndProject
Project("{E53339B2-1760-4266-BCC7-CA923CBCF16C}") = "docker-compose", "docker-compose.dcproj", "{E4AB5907-4DB8-4C0B-8852-7F42AF44F759}"
EndProject
Project("{FAE04EC0-301F-11D3-BF4B-00C04F79EFBC}") = "Ctesifonte.Application", "src\Ctesifonte.Application\Ctesifonte.Application.csproj", "{A9E81ECE-D88F-4F0B-A604-9F14C86315D9}"
EndProject
Project("{FAE04EC0-301F-11D3-BF4B-00C04F79EFBC}") = "Ctesifonte.Infra.Cross.Resources", "src\Ctesifonte.Infra.Cross.Resources\Ctesifonte.Infra.Cross.Resources.csproj", "{E83AC87C-8053-4663-B86C-5C847AD64782}"
EndProject
Global
	GlobalSection(SolutionConfigurationPlatforms) = preSolution
		Debug|Any CPU = Debug|Any CPU
		Release|Any CPU = Release|Any CPU
	EndGlobalSection
	GlobalSection(ProjectConfigurationPlatforms) = postSolution
		{17E085E3-DED2-4DA0-85EB-DA960C9A20CA}.Debug|Any CPU.ActiveCfg = Debug|Any CPU
		{17E085E3-DED2-4DA0-85EB-DA960C9A20CA}.Debug|Any CPU.Build.0 = Debug|Any CPU
		{17E085E3-DED2-4DA0-85EB-DA960C9A20CA}.Release|Any CPU.ActiveCfg = Release|Any CPU
		{17E085E3-DED2-4DA0-85EB-DA960C9A20CA}.Release|Any CPU.Build.0 = Release|Any CPU
		{470B31E7-9B2A-4D41-9DB8-07FBF9A339B0}.Debug|Any CPU.ActiveCfg = Debug|Any CPU
		{470B31E7-9B2A-4D41-9DB8-07FBF9A339B0}.Debug|Any CPU.Build.0 = Debug|Any CPU
		{470B31E7-9B2A-4D41-9DB8-07FBF9A339B0}.Release|Any CPU.ActiveCfg = Release|Any CPU
		{470B31E7-9B2A-4D41-9DB8-07FBF9A339B0}.Release|Any CPU.Build.0 = Release|Any CPU
		{66C332D0-6667-4B2E-97CA-9A912FD00AFC}.Debug|Any CPU.ActiveCfg = Debug|Any CPU
		{66C332D0-6667-4B2E-97CA-9A912FD00AFC}.Debug|Any CPU.Build.0 = Debug|Any CPU
		{66C332D0-6667-4B2E-97CA-9A912FD00AFC}.Release|Any CPU.ActiveCfg = Release|Any CPU
		{66C332D0-6667-4B2E-97CA-9A912FD00AFC}.Release|Any CPU.Build.0 = Release|Any CPU
		{6FEE9AFA-56E7-418B-8E41-2EA096554183}.Debug|Any CPU.ActiveCfg = Debug|Any CPU
		{6FEE9AFA-56E7-418B-8E41-2EA096554183}.Debug|Any CPU.Build.0 = Debug|Any CPU
		{6FEE9AFA-56E7-418B-8E41-2EA096554183}.Release|Any CPU.ActiveCfg = Release|Any CPU
		{6FEE9AFA-56E7-418B-8E41-2EA096554183}.Release|Any CPU.Build.0 = Release|Any CPU
		{2CBD8344-74A0-41B9-978B-036B9DB29B43}.Debug|Any CPU.ActiveCfg = Debug|Any CPU
		{2CBD8344-74A0-41B9-978B-036B9DB29B43}.Debug|Any CPU.Build.0 = Debug|Any CPU
		{2CBD8344-74A0-41B9-978B-036B9DB29B43}.Release|Any CPU.ActiveCfg = Release|Any CPU
		{2CBD8344-74A0-41B9-978B-036B9DB29B43}.Release|Any CPU.Build.0 = Release|Any CPU
		{45E2FB84-F98E-4028-9686-A32E4626313D}.Debug|Any CPU.ActiveCfg = Debug|Any CPU
		{45E2FB84-F98E-4028-9686-A32E4626313D}.Debug|Any CPU.Build.0 = Debug|Any CPU
		{45E2FB84-F98E-4028-9686-A32E4626313D}.Release|Any CPU.ActiveCfg = Release|Any CPU
		{45E2FB84-F98E-4028-9686-A32E4626313D}.Release|Any CPU.Build.0 = Release|Any CPU
		{17AE1BCA-D830-45A1-80F3-BCABC20AEFB4}.Debug|Any CPU.ActiveCfg = Debug|Any CPU
		{17AE1BCA-D830-45A1-80F3-BCABC20AEFB4}.Debug|Any CPU.Build.0 = Debug|Any CPU
		{17AE1BCA-D830-45A1-80F3-BCABC20AEFB4}.Release|Any CPU.ActiveCfg = Release|Any CPU
		{17AE1BCA-D830-45A1-80F3-BCABC20AEFB4}.Release|Any CPU.Build.0 = Release|Any CPU
		{5A00BFC6-FE13-4F99-9221-C4DEB7822105}.Debug|Any CPU.ActiveCfg = Debug|Any CPU
		{5A00BFC6-FE13-4F99-9221-C4DEB7822105}.Debug|Any CPU.Build.0 = Debug|Any CPU
		{5A00BFC6-FE13-4F99-9221-C4DEB7822105}.Release|Any CPU.ActiveCfg = Release|Any CPU
		{5A00BFC6-FE13-4F99-9221-C4DEB7822105}.Release|Any CPU.Build.0 = Release|Any CPU
		{F5035691-84F1-46BE-A4DE-6FA1B75F0A93}.Debug|Any CPU.ActiveCfg = Debug|Any CPU
		{F5035691-84F1-46BE-A4DE-6FA1B75F0A93}.Debug|Any CPU.Build.0 = Debug|Any CPU
		{F5035691-84F1-46BE-A4DE-6FA1B75F0A93}.Release|Any CPU.ActiveCfg = Release|Any CPU
		{F5035691-84F1-46BE-A4DE-6FA1B75F0A93}.Release|Any CPU.Build.0 = Release|Any CPU
		{D0C56DCF-7B7C-4F1E-802E-BE8992E368D8}.Debug|Any CPU.ActiveCfg = Debug|Any CPU
		{D0C56DCF-7B7C-4F1E-802E-BE8992E368D8}.Debug|Any CPU.Build.0 = Debug|Any CPU
		{D0C56DCF-7B7C-4F1E-802E-BE8992E368D8}.Release|Any CPU.ActiveCfg = Release|Any CPU
		{D0C56DCF-7B7C-4F1E-802E-BE8992E368D8}.Release|Any CPU.Build.0 = Release|Any CPU
		{9B2FF078-BD03-482F-A192-E478EB302B08}.Debug|Any CPU.ActiveCfg = Debug|Any CPU
		{9B2FF078-BD03-482F-A192-E478EB302B08}.Debug|Any CPU.Build.0 = Debug|Any CPU
		{9B2FF078-BD03-482F-A192-E478EB302B08}.Release|Any CPU.ActiveCfg = Release|Any CPU
		{9B2FF078-BD03-482F-A192-E478EB302B08}.Release|Any CPU.Build.0 = Release|Any CPU
		{877F64D6-6DB1-4A73-92F1-6CE164AF07BC}.Debug|Any CPU.ActiveCfg = Debug|Any CPU
		{877F64D6-6DB1-4A73-92F1-6CE164AF07BC}.Debug|Any CPU.Build.0 = Debug|Any CPU
		{877F64D6-6DB1-4A73-92F1-6CE164AF07BC}.Release|Any CPU.ActiveCfg = Release|Any CPU
		{877F64D6-6DB1-4A73-92F1-6CE164AF07BC}.Release|Any CPU.Build.0 = Release|Any CPU
		{D744B413-B3AD-4C7D-AADC-31FBD1E4E392}.Debug|Any CPU.ActiveCfg = Debug|Any CPU
		{D744B413-B3AD-4C7D-AADC-31FBD1E4E392}.Debug|Any CPU.Build.0 = Debug|Any CPU
		{D744B413-B3AD-4C7D-AADC-31FBD1E4E392}.Release|Any CPU.ActiveCfg = Release|Any CPU
		{D744B413-B3AD-4C7D-AADC-31FBD1E4E392}.Release|Any CPU.Build.0 = Release|Any CPU
		{E4AB5907-4DB8-4C0B-8852-7F42AF44F759}.Debug|Any CPU.ActiveCfg = Debug|Any CPU
		{E4AB5907-4DB8-4C0B-8852-7F42AF44F759}.Debug|Any CPU.Build.0 = Debug|Any CPU
		{E4AB5907-4DB8-4C0B-8852-7F42AF44F759}.Release|Any CPU.ActiveCfg = Release|Any CPU
		{E4AB5907-4DB8-4C0B-8852-7F42AF44F759}.Release|Any CPU.Build.0 = Release|Any CPU
		{A9E81ECE-D88F-4F0B-A604-9F14C86315D9}.Debug|Any CPU.ActiveCfg = Debug|Any CPU
		{A9E81ECE-D88F-4F0B-A604-9F14C86315D9}.Debug|Any CPU.Build.0 = Debug|Any CPU
		{A9E81ECE-D88F-4F0B-A604-9F14C86315D9}.Release|Any CPU.ActiveCfg = Release|Any CPU
		{A9E81ECE-D88F-4F0B-A604-9F14C86315D9}.Release|Any CPU.Build.0 = Release|Any CPU
		{E83AC87C-8053-4663-B86C-5C847AD64782}.Debug|Any CPU.ActiveCfg = Debug|Any CPU
		{E83AC87C-8053-4663-B86C-5C847AD64782}.Debug|Any CPU.Build.0 = Debug|Any CPU
		{E83AC87C-8053-4663-B86C-5C847AD64782}.Release|Any CPU.ActiveCfg = Release|Any CPU
		{E83AC87C-8053-4663-B86C-5C847AD64782}.Release|Any CPU.Build.0 = Release|Any CPU
	EndGlobalSection
	GlobalSection(SolutionProperties) = preSolution
		HideSolutionNode = FALSE
	EndGlobalSection
	GlobalSection(NestedProjects) = preSolution
		{8BD48D59-98FB-40C7-A02F-CE00FB35A10B} = {4B01B62E-73D2-47CC-A58C-AA49C19D1AEC}
		{50C9B1F1-8E10-4BE9-A7B2-AF062D023A4C} = {4B01B62E-73D2-47CC-A58C-AA49C19D1AEC}
		{1F29CDB1-83AC-476E-8B2C-A7483C7045F2} = {BEDA3374-9151-4057-9B44-1AB56D74FF41}
		{D005785F-1B45-4DA9-BBE9-29E7CBB1ACCF} = {BEDA3374-9151-4057-9B44-1AB56D74FF41}
		{17E085E3-DED2-4DA0-85EB-DA960C9A20CA} = {1F29CDB1-83AC-476E-8B2C-A7483C7045F2}
		{470B31E7-9B2A-4D41-9DB8-07FBF9A339B0} = {1F29CDB1-83AC-476E-8B2C-A7483C7045F2}
		{66C332D0-6667-4B2E-97CA-9A912FD00AFC} = {1F29CDB1-83AC-476E-8B2C-A7483C7045F2}
		{6FEE9AFA-56E7-418B-8E41-2EA096554183} = {1F29CDB1-83AC-476E-8B2C-A7483C7045F2}
		{2CBD8344-74A0-41B9-978B-036B9DB29B43} = {1F29CDB1-83AC-476E-8B2C-A7483C7045F2}
		{45E2FB84-F98E-4028-9686-A32E4626313D} = {297023E0-87F7-49A3-8EDD-32A2F874AB41}
		{17AE1BCA-D830-45A1-80F3-BCABC20AEFB4} = {297023E0-87F7-49A3-8EDD-32A2F874AB41}
		{5A00BFC6-FE13-4F99-9221-C4DEB7822105} = {8BD48D59-98FB-40C7-A02F-CE00FB35A10B}
		{F5035691-84F1-46BE-A4DE-6FA1B75F0A93} = {50C9B1F1-8E10-4BE9-A7B2-AF062D023A4C}
		{D0C56DCF-7B7C-4F1E-802E-BE8992E368D8} = {8BD48D59-98FB-40C7-A02F-CE00FB35A10B}
		{9B2FF078-BD03-482F-A192-E478EB302B08} = {297023E0-87F7-49A3-8EDD-32A2F874AB41}
		{877F64D6-6DB1-4A73-92F1-6CE164AF07BC} = {8BD48D59-98FB-40C7-A02F-CE00FB35A10B}
		{D744B413-B3AD-4C7D-AADC-31FBD1E4E392} = {50C9B1F1-8E10-4BE9-A7B2-AF062D023A4C}
		{A9E81ECE-D88F-4F0B-A604-9F14C86315D9} = {7FB9E9AD-5625-4841-BD07-EB08083E5E3A}
		{E83AC87C-8053-4663-B86C-5C847AD64782} = {50C9B1F1-8E10-4BE9-A7B2-AF062D023A4C}
	EndGlobalSection
	GlobalSection(ExtensibilityGlobals) = postSolution
		SolutionGuid = {8EE262E8-3328-413A-A912-B66F8C27100F}
	EndGlobalSection
EndGlobal
